
Microsoft Visual Studio Solution File, Format Version 12.00
# Visual Studio Version 17
VisualStudioVersion = 17.6.33801.468
MinimumVisualStudioVersion = 10.0.40219.1
Project("{FAE04EC0-301F-11D3-BF4B-00C04F79EFBC}") = "Fiap.Web.Aula02", "Fiap.Web.Aula02\Fiap.Web.Aula02.csproj", "{ED34F4C8-9A37-43E6-B13A-C461CB5D460C}"
EndProject
Global
	GlobalSection(SolutionConfigurationPlatforms) = preSolution
		Debug|Any CPU = Debug|Any CPU
		Release|Any CPU = Release|Any CPU
	EndGlobalSection
	GlobalSection(ProjectConfigurationPlatforms) = postSolution
		{ED34F4C8-9A37-43E6-B13A-C461CB5D460C}.Debug|Any CPU.ActiveCfg = Debug|Any CPU
		{ED34F4C8-9A37-43E6-B13A-C461CB5D460C}.Debug|Any CPU.Build.0 = Debug|Any CPU
		{ED34F4C8-9A37-43E6-B13A-C461CB5D460C}.Release|Any CPU.ActiveCfg = Release|Any CPU
		{ED34F4C8-9A37-43E6-B13A-C461CB5D460C}.Release|Any CPU.Build.0 = Release|Any CPU
	EndGlobalSection
	GlobalSection(SolutionProperties) = preSolution
		HideSolutionNode = FALSE
	EndGlobalSection
	GlobalSection(ExtensibilityGlobals) = postSolution
		SolutionGuid = {1F3C4882-B79E-40A9-AF23-47DDC4065FF7}
	EndGlobalSection
EndGlobal
